
Microsoft Visual Studio Solution File, Format Version 12.00
# Visual Studio Version 16
VisualStudioVersion = 16.0.28729.10
MinimumVisualStudioVersion = 10.0.40219.1
Project("{FAE04EC0-301F-11D3-BF4B-00C04F79EFBC}") = "SnakeForWPF", "SnakeForWPF\SnakeForWPF.csproj", "{A5726EF2-DB50-423C-8EAB-79A9006C640F}"
EndProject
Global
	GlobalSection(SolutionConfigurationPlatforms) = preSolution
		Debug|Any CPU = Debug|Any CPU
		Release|Any CPU = Release|Any CPU
	EndGlobalSection
	GlobalSection(ProjectConfigurationPlatforms) = postSolution
		{A5726EF2-DB50-423C-8EAB-79A9006C640F}.Debug|Any CPU.ActiveCfg = Debug|Any CPU
		{A5726EF2-DB50-423C-8EAB-79A9006C640F}.Debug|Any CPU.Build.0 = Debug|Any CPU
		{A5726EF2-DB50-423C-8EAB-79A9006C640F}.Release|Any CPU.ActiveCfg = Release|Any CPU
		{A5726EF2-DB50-423C-8EAB-79A9006C640F}.Release|Any CPU.Build.0 = Release|Any CPU
	EndGlobalSection
	GlobalSection(SolutionProperties) = preSolution
		HideSolutionNode = FALSE
	EndGlobalSection
	GlobalSection(ExtensibilityGlobals) = postSolution
		SolutionGuid = {571FD505-9523-4321-AFA7-910AF3C118E7}
	EndGlobalSection
EndGlobal
